Microsoft Visual Studio Solution File, Format Version 12.00
# Visual Studio Version 17
VisualStudioVersion = 17.5.2.0
MinimumVisualStudioVersion = 10.0.40219.1
Project("{FAE04EC0-301F-11D3-BF4B-00C04F79EFBC}") = "Inmobiscrap", "Inmobiscrap.csproj", "{244D0AC5-3669-B93C-CFE3-D878B4D9B074}"
EndProject
Global
	GlobalSection(SolutionConfigurationPlatforms) = preSolution
		Debug|Any CPU = Debug|Any CPU
		Release|Any CPU = Release|Any CPU
	EndGlobalSection
	GlobalSection(ProjectConfigurationPlatforms) = postSolution
		{244D0AC5-3669-B93C-CFE3-D878B4D9B074}.Debug|Any CPU.ActiveCfg = Debug|Any CPU
		{244D0AC5-3669-B93C-CFE3-D878B4D9B074}.Debug|Any CPU.Build.0 = Debug|Any CPU
		{244D0AC5-3669-B93C-CFE3-D878B4D9B074}.Release|Any CPU.ActiveCfg = Release|Any CPU
		{244D0AC5-3669-B93C-CFE3-D878B4D9B074}.Release|Any CPU.Build.0 = Release|Any CPU
	EndGlobalSection
	GlobalSection(SolutionProperties) = preSolution
		HideSolutionNode = FALSE
	EndGlobalSection
	GlobalSection(ExtensibilityGlobals) = postSolution
		SolutionGuid = {D5473928-C656-4B10-B3AA-0E1A22F445F7}
	EndGlobalSection
EndGlobal
